
Microsoft Visual Studio Solution File, Format Version 12.00
# Visual Studio Version 17
VisualStudioVersion = 17.1.32319.34
MinimumVisualStudioVersion = 10.0.40219.1
Project("{8BC9CEB8-8B4A-11D0-8D11-00A0C91BC942}") = "C++36", "C++36\C++36.vcxproj", "{8C428C32-DCC4-4302-9B24-EEC6107B03DA}"
EndProject
Global
	GlobalSection(SolutionConfigurationPlatforms) = preSolution
		Debug|x64 = Debug|x64
		Debug|x86 = Debug|x86
		Release|x64 = Release|x64
		Release|x86 = Release|x86
	EndGlobalSection
	GlobalSection(ProjectConfigurationPlatforms) = postSolution
		{8C428C32-DCC4-4302-9B24-EEC6107B03DA}.Debug|x64.ActiveCfg = Debug|x64
		{8C428C32-DCC4-4302-9B24-EEC6107B03DA}.Debug|x64.Build.0 = Debug|x64
		{8C428C32-DCC4-4302-9B24-EEC6107B03DA}.Debug|x86.ActiveCfg = Debug|Win32
		{8C428C32-DCC4-4302-9B24-EEC6107B03DA}.Debug|x86.Build.0 = Debug|Win32
		{8C428C32-DCC4-4302-9B24-EEC6107B03DA}.Release|x64.ActiveCfg = Release|x64
		{8C428C32-DCC4-4302-9B24-EEC6107B03DA}.Release|x64.Build.0 = Release|x64
		{8C428C32-DCC4-4302-9B24-EEC6107B03DA}.Release|x86.ActiveCfg = Release|Win32
		{8C428C32-DCC4-4302-9B24-EEC6107B03DA}.Release|x86.Build.0 = Release|Win32
	EndGlobalSection
	GlobalSection(SolutionProperties) = preSolution
		HideSolutionNode = FALSE
	EndGlobalSection
	GlobalSection(ExtensibilityGlobals) = postSolution
		SolutionGuid = {02213D3E-A08F-4685-83F3-2EB3BBC28DFB}
	EndGlobalSection
EndGlobal
